// !$*UTF8*$!
{
	archiveVersion = 1;
	classes = {
	};
	objectVersion = 50;
	objects = {

/* Begin PBXBuildFile section */
		007B7C9E2418C8C000853837 /* AppDelegate.swift in Sources */ = {isa = PBXBuildFile; fileRef = 007B7C9D2418C8C000853837 /* AppDelegate.swift */; };
		007B7CA02418C8C000853837 /* SceneDelegate.swift in Sources */ = {isa = PBXBuildFile; fileRef = 007B7C9F2418C8C000853837 /* SceneDelegate.swift */; };
		007B7CA22418C8C000853837 /* ViewController.swift in Sources */ = {isa = PBXBuildFile; fileRef = 007B7CA12418C8C000853837 /* ViewController.swift */; };
		007B7CA52418C8C000853837 /* Main.storyboard in Resources */ = {isa = PBXBuildFile; fileRef = 007B7CA32418C8C000853837 /* Main.storyboard */; };
		007B7CA72418C8C200853837 /* Assets.xcassets in Resources */ = {isa = PBXBuildFile; fileRef = 007B7CA62418C8C200853837 /* Assets.xcassets */; };
		007B7CAA2418C8C200853837 /* LaunchScreen.storyboard in Resources */ = {isa = PBXBuildFile; fileRef = 007B7CA82418C8C200853837 /* LaunchScreen.storyboard */; };
		007B7CB52418C8C200853837 /* testSwiftTests.swift in Sources */ = {isa = PBXBuildFile; fileRef = 007B7CB42418C8C200853837 /* testSwiftTests.swift */; };
		007B7CC02418C8C200853837 /* testSwiftUITests.swift in Sources */ = {isa = PBXBuildFile; fileRef = 007B7CBF2418C8C200853837 /* testSwiftUITests.swift */; };
		8011E90A85381A75879A707E /* Pods_CommondPods_testSwift.framework in Frameworks */ = {isa = PBXBuildFile; fileRef = 1192305974AAE2683579AAAB /* Pods_CommondPods_testSwift.framework */; };
/* End PBXBuildFile section */

/* Begin PBXContainerItemProxy section */
		007B7CB12418C8C200853837 /* PBXContainerItemProxy */ = {
			isa = PBXContainerItemProxy;
			containerPortal = 007B7C922418C8C000853837 /* Project object */;
			proxyType = 1;
			remoteGlobalIDString = 007B7C992418C8C000853837;
			remoteInfo = testSwift;
		};
		007B7CBC2418C8C200853837 /* PBXContainerItemProxy */ = {
			isa = PBXContainerItemProxy;
			containerPortal = 007B7C922418C8C000853837 /* Project object */;
			proxyType = 1;
			remoteGlobalIDString = 007B7C992418C8C000853837;
			remoteInfo = testSwift;
		};
/* End PBXContainerItemProxy section */

/* Begin PBXFileReference section */
		007B7C9A2418C8C000853837 /* testSwift.app */ = {isa = PBXFileReference; explicitFileType = wrapper.application; includeInIndex = 0; path = testSwift.app; sourceTree = BUILT_PRODUCTS_DIR; };
		007B7C9D2418C8C000853837 /* AppDelegate.swift */ = {isa = PBXFileReference; lastKnownFileType = sourcecode.swift; path = AppDelegate.swift; sourceTree = "<group>"; };
		007B7C9F2418C8C000853837 /* SceneDelegate.swift */ = {isa = PBXFileReference; lastKnownFileType = sourcecode.swift; path = SceneDelegate.swift; sourceTree = "<group>"; };
		007B7CA12418C8C000853837 /* ViewController.swift */ = {isa = PBXFileReference; lastKnownFileType = sourcecode.swift; path = ViewController.swift; sourceTree = "<group>"; };
		007B7CA42418C8C000853837 /* Base */ = {isa = PBXFileReference; lastKnownFileType = file.storyboard; name = Base; path = Base.lproj/Main.storyboard; sourceTree = "<group>"; };
		007B7CA62418C8C200853837 /* Assets.xcassets */ = {isa = PBXFileReference; lastKnownFileType = folder.assetcatalog; path = Assets.xcassets; sourceTree = "<group>"; };
		007B7CA92418C8C200853837 /* Base */ = {isa = PBXFileReference; lastKnownFileType = file.storyboard; name = Base; path = Base.lproj/LaunchScreen.storyboard; sourceTree = "<group>"; };
		007B7CAB2418C8C200853837 /* Info.plist */ = {isa = PBXFileReference; lastKnownFileType = text.plist.xml; path = Info.plist; sourceTree = "<group>"; };
		007B7CB02418C8C200853837 /* testSwiftTests.xctest */ = {isa = PBXFileReference; explicitFileType = wrapper.cfbundle; includeInIndex = 0; path = testSwiftTests.xctest; sourceTree = BUILT_PRODUCTS_DIR; };
		007B7CB42418C8C200853837 /* testSwiftTests.swift */ = {isa = PBXFileReference; lastKnownFileType = sourcecode.swift; path = testSwiftTests.swift; sourceTree = "<group>"; };
		007B7CB62418C8C200853837 /* Info.plist */ = {isa = PBXFileReference; lastKnownFileType = text.plist.xml; path = Info.plist; sourceTree = "<group>"; };
		007B7CBB2418C8C200853837 /* testSwiftUITests.xctest */ = {isa = PBXFileReference; explicitFileType = wrapper.cfbundle; includeInIndex = 0; path = testSwiftUITests.xctest; sourceTree = BUILT_PRODUCTS_DIR; };
		007B7CBF2418C8C200853837 /* testSwiftUITests.swift */ = {isa = PBXFileReference; lastKnownFileType = sourcecode.swift; path = testSwiftUITests.swift; sourceTree = "<group>"; };
		007B7CC12418C8C200853837 /* Info.plist */ = {isa = PBXFileReference; lastKnownFileType = text.plist.xml; path = Info.plist; sourceTree = "<group>"; };
		1192305974AAE2683579AAAB /* Pods_CommondPods_testSwift.framework */ = {isa = PBXFileReference; explicitFileType = wrapper.framework; includeInIndex = 0; path = Pods_CommondPods_testSwift.framework; sourceTree = BUILT_PRODUCTS_DIR; };
		84F5D1C62A11F6584B6E9636 /* Pods-CommondPods-testSwift.release.xcconfig */ = {isa = PBXFileReference; includeInIndex = 1; lastKnownFileType = text.xcconfig; name = "Pods-CommondPods-testSwift.release.xcconfig"; path = "Target Support Files/Pods-CommondPods-testSwift/Pods-CommondPods-testSwift.release.xcconfig"; sourceTree = "<group>"; };
		A25732E8993E9D09B6F97E6E /* Pods-CommondPods-testSwift.debug.xcconfig */ = {isa = PBXFileReference; includeInIndex = 1; lastKnownFileType = text.xcconfig; name = "Pods-CommondPods-testSwift.debug.xcconfig"; path = "Target Support Files/Pods-CommondPods-testSwift/Pods-CommondPods-testSwift.debug.xcconfig"; sourceTree = "<group>"; };
/* End PBXFileReference section */

/* Begin PBXFrameworksBuildPhase section */
		007B7C972418C8C000853837 /* Frameworks */ = {
			isa = PBXFrameworksBuildPhase;
			buildActionMask = 2147483647;
			files = (
				8011E90A85381A75879A707E /* Pods_CommondPods_testSwift.framework in Frameworks */,
			);
			runOnlyForDeploymentPostprocessing = 0;
		};
		007B7CAD2418C8C200853837 /* Frameworks */ = {
			isa = PBXFrameworksBuildPhase;
			buildActionMask = 2147483647;
			files = (
			);
			runOnlyForDeploymentPostprocessing = 0;
		};
		007B7CB82418C8C200853837 /* Frameworks */ = {
			isa = PBXFrameworksBuildPhase;
			buildActionMask = 2147483647;
			files = (
			);
			runOnlyForDeploymentPostprocessing = 0;
		};
/* End PBXFrameworksBuildPhase section */

/* Begin PBXGroup section */
		007B7C912418C8C000853837 = {
			isa = PBXGroup;
			children = (
				007B7C9C2418C8C000853837 /* testSwift */,
				007B7CB32418C8C200853837 /* testSwiftTests */,
				007B7CBE2418C8C200853837 /* testSwiftUITests */,
				007B7C9B2418C8C000853837 /* Products */,
				92D6CA6D17173FDAD8371FFD /* Pods */,
				96CE460F65D57594C22D6E79 /* Frameworks */,
			);
			sourceTree = "<group>";
		};
		007B7C9B2418C8C000853837 /* Products */ = {
			isa = PBXGroup;
			children = (
				007B7C9A2418C8C000853837 /* testSwift.app */,
				007B7CB02418C8C200853837 /* testSwiftTests.xctest */,
				007B7CBB2418C8C200853837 /* testSwiftUITests.xctest */,
			);
			name = Products;
			sourceTree = "<group>";
		};
		007B7C9C2418C8C000853837 /* testSwift */ = {
			isa = PBXGroup;
			children = (
				007B7C9D2418C8C000853837 /* AppDelegate.swift */,
				007B7C9F2418C8C000853837 /* SceneDelegate.swift */,
				007B7CA12418C8C000853837 /* ViewController.swift */,
				007B7CA32418C8C000853837 /* Main.storyboard */,
				007B7CA62418C8C200853837 /* Assets.xcassets */,
				007B7CA82418C8C200853837 /* LaunchScreen.storyboard */,
				007B7CAB2418C8C200853837 /* Info.plist */,
			);
			path = testSwift;
			sourceTree = "<group>";
		};
		007B7CB32418C8C200853837 /* testSwiftTests */ = {
			isa = PBXGroup;
			children = (
				007B7CB42418C8C200853837 /* testSwiftTests.swift */,
				007B7CB62418C8C200853837 /* Info.plist */,
			);
			path = testSwiftTests;
			sourceTree = "<group>";
		};
		007B7CBE2418C8C200853837 /* testSwiftUITests */ = {
			isa = PBXGroup;
			children = (
				007B7CBF2418C8C200853837 /* testSwiftUITests.swift */,
				007B7CC12418C8C200853837 /* Info.plist */,
			);
			path = testSwiftUITests;
			sourceTree = "<group>";
		};
		92D6CA6D17173FDAD8371FFD /* Pods */ = {
			isa = PBXGroup;
			children = (
				A25732E8993E9D09B6F97E6E /* Pods-CommondPods-testSwift.debug.xcconfig */,
				84F5D1C62A11F6584B6E9636 /* Pods-CommondPods-testSwift.release.xcconfig */,
			);
			name = Pods;
			path = Pods;
			sourceTree = "<group>";
		};
		96CE460F65D57594C22D6E79 /* Frameworks */ = {
			isa = PBXGroup;
			children = (
				1192305974AAE2683579AAAB /* Pods_CommondPods_testSwift.framework */,
			);
			name = Frameworks;
			sourceTree = "<group>";
		};
/* End PBXGroup section */

/* Begin PBXNativeTarget section */
		007B7C992418C8C000853837 /* testSwift */ = {
			isa = PBXNativeTarget;
			buildConfigurationList = 007B7CC42418C8C200853837 /* Build configuration list for PBXNativeTarget "testSwift" */;
			buildPhases = (
				C705DF1BA7F8F3BE754F7CB3 /* [CP] Check Pods Manifest.lock */,
				007B7C962418C8C000853837 /* Sources */,
				007B7C972418C8C000853837 /* Frameworks */,
				007B7C982418C8C000853837 /* Resources */,
				0594BE10DBBF2D676AEC42A9 /* [CP] Embed Pods Frameworks */,
				1A754A3BB02D480294127DD5 /* [CP] Copy Pods Resources */,
			);
			buildRules = (
			);
			dependencies = (
			);
			name = testSwift;
			productName = testSwift;
			productReference = 007B7C9A2418C8C000853837 /* testSwift.app */;
			productType = "com.apple.product-type.application";
		};
		007B7CAF2418C8C200853837 /* testSwiftTests */ = {
			isa = PBXNativeTarget;
			buildConfigurationList = 007B7CC72418C8C200853837 /* Build configuration list for PBXNativeTarget "testSwiftTests" */;
			buildPhases = (
				007B7CAC2418C8C200853837 /* Sources */,
				007B7CAD2418C8C200853837 /* Frameworks */,
				007B7CAE2418C8C200853837 /* Resources */,
			);
			buildRules = (
			);
			dependencies = (
				007B7CB22418C8C200853837 /* PBXTargetDependency */,
			);
			name = testSwiftTests;
			productName = testSwiftTests;
			productReference = 007B7CB02418C8C200853837 /* testSwiftTests.xctest */;
			productType = "com.apple.product-type.bundle.unit-test";
		};
		007B7CBA2418C8C200853837 /* testSwiftUITests */ = {
			isa = PBXNativeTarget;
			buildConfigurationList = 007B7CCA2418C8C200853837 /* Build configuration list for PBXNativeTarget "testSwiftUITests" */;
			buildPhases = (
				007B7CB72418C8C200853837 /* Sources */,
				007B7CB82418C8C200853837 /* Frameworks */,
				007B7CB92418C8C200853837 /* Resources */,
			);
			buildRules = (
			);
			dependencies = (
				007B7CBD2418C8C200853837 /* PBXTargetDependency */,
			);
			name = testSwiftUITests;
			productName = testSwiftUITests;
			productReference = 007B7CBB2418C8C200853837 /* testSwiftUITests.xctest */;
			productType = "com.apple.product-type.bundle.ui-testing";
		};
/* End PBXNativeTarget section */

/* Begin PBXProject section */
		007B7C922418C8C000853837 /* Project object */ = {
			isa = PBXProject;
			attributes = {
				LastSwiftUpdateCheck = 1130;
				LastUpgradeCheck = 1130;
				ORGANIZATIONNAME = oris;
				TargetAttributes = {
					007B7C992418C8C000853837 = {
						CreatedOnToolsVersion = 11.3.1;
					};
					007B7CAF2418C8C200853837 = {
						CreatedOnToolsVersion = 11.3.1;
						TestTargetID = 007B7C992418C8C000853837;
					};
					007B7CBA2418C8C200853837 = {
						CreatedOnToolsVersion = 11.3.1;
						TestTargetID = 007B7C992418C8C000853837;
					};
				};
			};
			buildConfigurationList = 007B7C952418C8C000853837 /* Build configuration list for PBXProject "testSwift" */;
			compatibilityVersion = "Xcode 9.3";
			developmentRegion = en;
			hasScannedForEncodings = 0;
			knownRegions = (
				en,
				Base,
			);
			mainGroup = 007B7C912418C8C000853837;
			productRefGroup = 007B7C9B2418C8C000853837 /* Products */;
			projectDirPath = "";
			projectRoot = "";
			targets = (
				007B7C992418C8C000853837 /* testSwift */,
				007B7CAF2418C8C200853837 /* testSwiftTests */,
				007B7CBA2418C8C200853837 /* testSwiftUITests */,
			);
		};
/* End PBXProject section */

/* Begin PBXResourcesBuildPhase section */
		007B7C982418C8C000853837 /* Resources */ = {
			isa = PBXResourcesBuildPhase;
			buildActionMask = 2147483647;
			files = (
				007B7CAA2418C8C200853837 /* LaunchScreen.storyboard in Resources */,
				007B7CA72418C8C200853837 /* Assets.xcassets in Resources */,
				007B7CA52418C8C000853837 /* Main.storyboard in Resources */,
			);
			runOnlyForDeploymentPostprocessing = 0;
		};
		007B7CAE2418C8C200853837 /* Resources */ = {
			isa = PBXResourcesBuildPhase;
			buildActionMask = 2147483647;
			files = (
			);
			runOnlyForDeploymentPostprocessing = 0;
		};
		007B7CB92418C8C200853837 /* Resources */ = {
			isa = PBXResourcesBuildPhase;
			buildActionMask = 2147483647;
			files = (
			);
			runOnlyForDeploymentPostprocessing = 0;
		};
/* End PBXResourcesBuildPhase section */

/* Begin PBXShellScriptBuildPhase section */
		0594BE10DBBF2D676AEC42A9 /* [CP] Embed Pods Frameworks */ = {
			isa = PBXShellScriptBuildPhase;
			buildActionMask = 2147483647;
			files = (
			);
			inputFileListPaths = (
				"${PODS_ROOT}/Target Support Files/Pods-CommondPods-testSwift/Pods-CommondPods-testSwift-frameworks-${CONFIGURATION}-input-files.xcfilelist",
			);
			name = "[CP] Embed Pods Frameworks";
			outputFileListPaths = (
				"${PODS_ROOT}/Target Support Files/Pods-CommondPods-testSwift/Pods-CommondPods-testSwift-frameworks-${CONFIGURATION}-output-files.xcfilelist",
			);
			runOnlyForDeploymentPostprocessing = 0;
			shellPath = /bin/sh;
			shellScript = "\"${PODS_ROOT}/Target Support Files/Pods-CommondPods-testSwift/Pods-CommondPods-testSwift-frameworks.sh\"\n";
			showEnvVarsInLog = 0;
		};
		1A754A3BB02D480294127DD5 /* [CP] Copy Pods Resources */ = {
			isa = PBXShellScriptBuildPhase;
			buildActionMask = 2147483647;
			files = (
			);
			inputFileListPaths = (
				"${PODS_ROOT}/Target Support Files/Pods-CommondPods-testSwift/Pods-CommondPods-testSwift-resources-${CONFIGURATION}-input-files.xcfilelist",
			);
			name = "[CP] Copy Pods Resources";
			outputFileListPaths = (
				"${PODS_ROOT}/Target Support Files/Pods-CommondPods-testSwift/Pods-CommondPods-testSwift-resources-${CONFIGURATION}-output-files.xcfilelist",
			);
			runOnlyForDeploymentPostprocessing = 0;
			shellPath = /bin/sh;
			shellScript = "\"${PODS_ROOT}/Target Support Files/Pods-CommondPods-testSwift/Pods-CommondPods-testSwift-resources.sh\"\n";
			showEnvVarsInLog = 0;
		};
		C705DF1BA7F8F3BE754F7CB3 /* [CP] Check Pods Manifest.lock */ = {
			isa = PBXShellScriptBuildPhase;
			buildActionMask = 2147483647;
			files = (
			);
			inputFileListPaths = (
			);
			inputPaths = (
				"${PODS_PODFILE_DIR_PATH}/Podfile.lock",
				"${PODS_ROOT}/Manifest.lock",
			);
			name = "[CP] Check Pods Manifest.lock";
			outputFileListPaths = (
			);
			outputPaths = (
				"$(DERIVED_FILE_DIR)/Pods-CommondPods-testSwift-checkManifestLockResult.txt",
			);
			runOnlyForDeploymentPostprocessing = 0;
			shellPath = /bin/sh;
			shellScript = "diff \"${PODS_PODFILE_DIR_PATH}/Podfile.lock\" \"${PODS_ROOT}/Manifest.lock\" > /dev/null\nif [ $? != 0 ] ; then\n    # print error to STDERR\n    echo \"error: The sandbox is not in sync with the Podfile.lock. Run 'pod install' or update your CocoaPods installation.\" >&2\n    exit 1\nfi\n# This output is used by Xcode 'outputs' to avoid re-running this script phase.\necho \"SUCCESS\" > \"${SCRIPT_OUTPUT_FILE_0}\"\n";
			showEnvVarsInLog = 0;
		};
/* End PBXShellScriptBuildPhase section */

/* Begin PBXSourcesBuildPhase section */
		007B7C962418C8C000853837 /* Sources */ = {
			isa = PBXSourcesBuildPhase;
			buildActionMask = 2147483647;
			files = (
				007B7CA22418C8C000853837 /* ViewController.swift in Sources */,
				007B7C9E2418C8C000853837 /* AppDelegate.swift in Sources */,
				007B7CA02418C8C000853837 /* SceneDelegate.swift in Sources */,
			);
			runOnlyForDeploymentPostprocessing = 0;
		};
		007B7CAC2418C8C200853837 /* Sources */ = {
			isa = PBXSourcesBuildPhase;
			buildActionMask = 2147483647;
			files = (
				007B7CB52418C8C200853837 /* testSwiftTests.swift in Sources */,
			);
			runOnlyForDeploymentPostprocessing = 0;
		};
		007B7CB72418C8C200853837 /* Sources */ = {
			isa = PBXSourcesBuildPhase;
			buildActionMask = 2147483647;
			files = (
				007B7CC02418C8C200853837 /* testSwiftUITests.swift in Sources */,
			);
			runOnlyForDeploymentPostprocessing = 0;
		};
/* End PBXSourcesBuildPhase section */

/* Begin PBXTargetDependency section */
		007B7CB22418C8C200853837 /* PBXTargetDependency */ = {
			isa = PBXTargetDependency;
			target = 007B7C992418C8C000853837 /* testSwift */;
			targetProxy = 007B7CB12418C8C200853837 /* PBXContainerItemProxy */;
		};
		007B7CBD2418C8C200853837 /* PBXTargetDependency */ = {
			isa = PBXTargetDependency;
			target = 007B7C992418C8C000853837 /* testSwift */;
			targetProxy = 007B7CBC2418C8C200853837 /* PBXContainerItemProxy */;
		};
/* End PBXTargetDependency section */

/* Begin PBXVariantGroup section */
		007B7CA32418C8C000853837 /* Main.storyboard */ = {
			isa = PBXVariantGroup;
			children = (
				007B7CA42418C8C000853837 /* Base */,
			);
			name = Main.storyboard;
			sourceTree = "<group>";
		};
		007B7CA82418C8C200853837 /* LaunchScreen.storyboard */ = {
			isa = PBXVariantGroup;
			children = (
				007B7CA92418C8C200853837 /* Base */,
			);
			name = LaunchScreen.storyboard;
			sourceTree = "<group>";
		};
/* End PBXVariantGroup section */

/* Begin XCBuildConfiguration section */
		007B7CC22418C8C200853837 /* Debug */ = {
			isa = XCBuildConfiguration;
			buildSettings = {
				ALWAYS_SEARCH_USER_PATHS = NO;
				CLANG_ANALYZER_NONNULL = YES;
				CLANG_ANALYZER_NUMBER_OBJECT_CONVERSION = YES_AGGRESSIVE;
				CLANG_CXX_LANGUAGE_STANDARD = "gnu++14";
				CLANG_CXX_LIBRARY = "libc++";
				CLANG_ENABLE_MODULES = YES;
				CLANG_ENABLE_OBJC_ARC = YES;
				CLANG_ENABLE_OBJC_WEAK = YES;
				CLANG_WARN_BLOCK_CAPTURE_AUTORELEASING = YES;
				CLANG_WARN_BOOL_CONVERSION = YES;
				CLANG_WARN_COMMA = YES;
				CLANG_WARN_CONSTANT_CONVERSION = YES;
				CLANG_WARN_DEPRECATED_OBJC_IMPLEMENTATIONS = YES;
				CLANG_WARN_DIRECT_OBJC_ISA_USAGE = YES_ERROR;
				CLANG_WARN_DOCUMENTATION_COMMENTS = YES;
				CLANG_WARN_EMPTY_BODY = YES;
				CLANG_WARN_ENUM_CONVERSION = YES;
				CLANG_WARN_INFINITE_RECURSION = YES;
				CLANG_WARN_INT_CONVERSION = YES;
				CLANG_WARN_NON_LITERAL_NULL_CONVERSION = YES;
				CLANG_WARN_OBJC_IMPLICIT_RETAIN_SELF = YES;
				CLANG_WARN_OBJC_LITERAL_CONVERSION = YES;
				CLANG_WARN_OBJC_ROOT_CLASS = YES_ERROR;
				CLANG_WARN_RANGE_LOOP_ANALYSIS = YES;
				CLANG_WARN_STRICT_PROTOTYPES = YES;
				CLANG_WARN_SUSPICIOUS_MOVE = YES;
				CLANG_WARN_UNGUARDED_AVAILABILITY = YES_AGGRESSIVE;
				CLANG_WARN_UNREACHABLE_CODE = YES;
				CLANG_WARN__DUPLICATE_METHOD_MATCH = YES;
				COPY_PHASE_STRIP = NO;
				DEBUG_INFORMATION_FORMAT = dwarf;
				ENABLE_STRICT_OBJC_MSGSEND = YES;
				ENABLE_TESTABILITY = YES;
				GCC_C_LANGUAGE_STANDARD = gnu11;
				GCC_DYNAMIC_NO_PIC = NO;
				GCC_NO_COMMON_BLOCKS = YES;
				GCC_OPTIMIZATION_LEVEL = 0;
				GCC_PREPROCESSOR_DEFINITIONS = (
					"DEBUG=1",
					"$(inherited)",
				);
				GCC_WARN_64_TO_32_BIT_CONVERSION = YES;
				GCC_WARN_ABOUT_RETURN_TYPE = YES_ERROR;
				GCC_WARN_UNDECLARED_SELECTOR = YES;
				GCC_WARN_UNINITIALIZED_AUTOS = YES_AGGRESSIVE;
				GCC_WARN_UNUSED_FUNCTION = YES;
				GCC_WARN_UNUSED_VARIABLE = YES;
				IPHONEOS_DEPLOYMENT_TARGET = 13.2;
				MTL_ENABLE_DEBUG_INFO = INCLUDE_SOURCE;
				MTL_FAST_MATH = YES;
				ONLY_ACTIVE_ARCH = YES;
				SDKROOT = iphoneos;
				SWIFT_ACTIVE_COMPILATION_CONDITIONS = DEBUG;
				SWIFT_OPTIMIZATION_LEVEL = "-Onone";
			};
			name = Debug;
		};
		007B7CC32418C8C200853837 /* Release */ = {
			isa = XCBuildConfiguration;
			buildSettings = {
				ALWAYS_SEARCH_USER_PATHS = NO;
				CLANG_ANALYZER_NONNULL = YES;
				CLANG_ANALYZER_NUMBER_OBJECT_CONVERSION = YES_AGGRESSIVE;
				CLANG_CXX_LANGUAGE_STANDARD = "gnu++14";
				CLANG_CXX_LIBRARY = "libc++";
				CLANG_ENABLE_MODULES = YES;
				CLANG_ENABLE_OBJC_ARC = YES;
				CLANG_ENABLE_OBJC_WEAK = YES;
				CLANG_WARN_BLOCK_CAPTURE_AUTORELEASING = YES;
				CLANG_WARN_BOOL_CONVERSION = YES;
				CLANG_WARN_COMMA = YES;
				CLANG_WARN_CONSTANT_CONVERSION = YES;
				CLANG_WARN_DEPRECATED_OBJC_IMPLEMENTATIONS = YES;
				CLANG_WARN_DIRECT_OBJC_ISA_USAGE = YES_ERROR;
				CLANG_WARN_DOCUMENTATION_COMMENTS = YES;
				CLANG_WARN_EMPTY_BODY = YES;
				CLANG_WARN_ENUM_CONVERSION = YES;
				CLANG_WARN_INFINITE_RECURSION = YES;
				CLANG_WARN_INT_CONVERSION = YES;
				CLANG_WARN_NON_LITERAL_NULL_CONVERSION = YES;
				CLANG_WARN_OBJC_IMPLICIT_RETAIN_SELF = YES;
				CLANG_WARN_OBJC_LITERAL_CONVERSION = YES;
				CLANG_WARN_OBJC_ROOT_CLASS = YES_ERROR;
				CLANG_WARN_RANGE_LOOP_ANALYSIS = YES;
				CLANG_WARN_STRICT_PROTOTYPES = YES;
				CLANG_WARN_SUSPICIOUS_MOVE = YES;
				CLANG_WARN_UNGUARDED_AVAILABILITY = YES_AGGRESSIVE;
				CLANG_WARN_UNREACHABLE_CODE = YES;
				CLANG_WARN__DUPLICATE_METHOD_MATCH = YES;
				COPY_PHASE_STRIP = NO;
				DEBUG_INFORMATION_FORMAT = "dwarf-with-dsym";
				ENABLE_NS_ASSERTIONS = NO;
				ENABLE_STRICT_OBJC_MSGSEND = YES;
				GCC_C_LANGUAGE_STANDARD = gnu11;
				GCC_NO_COMMON_BLOCKS = YES;
				GCC_WARN_64_TO_32_BIT_CONVERSION = YES;
				GCC_WARN_ABOUT_RETURN_TYPE = YES_ERROR;
				GCC_WARN_UNDECLARED_SELECTOR = YES;
				GCC_WARN_UNINITIALIZED_AUTOS = YES_AGGRESSIVE;
				GCC_WARN_UNUSED_FUNCTION = YES;
				GCC_WARN_UNUSED_VARIABLE = YES;
				IPHONEOS_DEPLOYMENT_TARGET = 13.2;
				MTL_ENABLE_DEBUG_INFO = NO;
				MTL_FAST_MATH = YES;
				SDKROOT = iphoneos;
				SWIFT_COMPILATION_MODE = wholemodule;
				SWIFT_OPTIMIZATION_LEVEL = "-O";
				VALIDATE_PRODUCT = YES;
			};
			name = Release;
		};
		007B7CC52418C8C200853837 /* Debug */ = {
			isa = XCBuildConfiguration;
			baseConfigurationReference = A25732E8993E9D09B6F97E6E /* Pods-CommondPods-testSwift.debug.xcconfig */;
			buildSettings = {
				ASSETCATALOG_COMPILER_APPICON_NAME = AppIcon;
				CODE_SIGN_STYLE = Automatic;
				INFOPLIST_FILE = testSwift/Info.plist;
				LD_RUNPATH_SEARCH_PATHS = (
					"$(inherited)",
					"@executable_path/Frameworks",
				);
				PRODUCT_BUNDLE_IDENTIFIER = niuNaruto.testSwift;
				PRODUCT_NAME = "$(TARGET_NAME)";
				SWIFT_VERSION = 5.0;
				TARGETED_DEVICE_FAMILY = "1,2";
			};
			name = Debug;
		};
		007B7CC62418C8C200853837 /* Release */ = {
			isa = XCBuildConfiguration;
			baseConfigurationReference = 84F5D1C62A11F6584B6E9636 /* Pods-CommondPods-testSwift.release.xcconfig */;
			buildSettings = {
				ASSETCATALOG_COMPILER_APPICON_NAME = AppIcon;
				CODE_SIGN_STYLE = Automatic;
				INFOPLIST_FILE = testSwift/Info.plist;
				LD_RUNPATH_SEARCH_PATHS = (
					"$(inherited)",
					"@executable_path/Frameworks",
				);
				PRODUCT_BUNDLE_IDENTIFIER = niuNaruto.testSwift;
				PRODUCT_NAME = "$(TARGET_NAME)";
				SWIFT_VERSION = 5.0;
				TARGETED_DEVICE_FAMILY = "1,2";
			};
			name = Release;
		};
		007B7CC82418C8C200853837 /* Debug */ = {
			isa = XCBuildConfiguration;
			buildSettings = {
				ALWAYS_EMBED_SWIFT_STANDARD_LIBRARIES = YES;
				BUNDLE_LOADER = "$(TEST_HOST)";
				CODE_SIGN_STYLE = Automatic;
				INFOPLIST_FILE = testSwiftTests/Info.plist;
				IPHONEOS_DEPLOYMENT_TARGET = 13.2;
				LD_RUNPATH_SEARCH_PATHS = (
					"$(inherited)",
					"@executable_path/Frameworks",
					"@loader_path/Frameworks",
				);
				PRODUCT_BUNDLE_IDENTIFIER = niuNaruto.testSwiftTests;
				PRODUCT_NAME = "$(TARGET_NAME)";
				SWIFT_VERSION = 5.0;
				TARGETED_DEVICE_FAMILY = "1,2";
				TEST_HOST = "$(BUILT_PRODUCTS_DIR)/testSwift.app/testSwift";
			};
			name = Debug;
		};
		007B7CC92418C8C200853837 /* Release */ = {
			isa = XCBuildConfiguration;
			buildSettings = {
				ALWAYS_EMBED_SWIFT_STANDARD_LIBRARIES = YES;
				BUNDLE_LOADER = "$(TEST_HOST)";
				CODE_SIGN_STYLE = Automatic;
				INFOPLIST_FILE = testSwiftTests/Info.plist;
				IPHONEOS_DEPLOYMENT_TARGET = 13.2;
				LD_RUNPATH_SEARCH_PATHS = (
					"$(inherited)",
					"@executable_path/Frameworks",
					"@loader_path/Frameworks",
				);
				PRODUCT_BUNDLE_IDENTIFIER = niuNaruto.testSwiftTests;
				PRODUCT_NAME = "$(TARGET_NAME)";
				SWIFT_VERSION = 5.0;
				TARGETED_DEVICE_FAMILY = "1,2";
				TEST_HOST = "$(BUILT_PRODUCTS_DIR)/testSwift.app/testSwift";
			};
			name = Release;
		};
		007B7CCB2418C8C200853837 /* Debug */ = {
			isa = XCBuildConfiguration;
			buildSettings = {
				ALWAYS_EMBED_SWIFT_STANDARD_LIBRARIES = YES;
				CODE_SIGN_STYLE = Automatic;
				INFOPLIST_FILE = testSwiftUITests/Info.plist;
				LD_RUNPATH_SEARCH_PATHS = (
					"$(inherited)",
					"@executable_path/Frameworks",
					"@loader_path/Frameworks",
				);
				PRODUCT_BUNDLE_IDENTIFIER = niuNaruto.testSwiftUITests;
				PRODUCT_NAME = "$(TARGET_NAME)";
				SWIFT_VERSION = 5.0;
				TARGETED_DEVICE_FAMILY = "1,2";
				TEST_TARGET_NAME = testSwift;
			};
			name = Debug;
		};
		007B7CCC2418C8C200853837 /* Release */ = {
			isa = XCBuildConfiguration;
			buildSettings = {
				ALWAYS_EMBED_SWIFT_STANDARD_LIBRARIES = YES;
				CODE_SIGN_STYLE = Automatic;
				INFOPLIST_FILE = testSwiftUITests/Info.plist;
				LD_RUNPATH_SEARCH_PATHS = (
					"$(inherited)",
					"@executable_path/Frameworks",
					"@loader_path/Frameworks",
				);
				PRODUCT_BUNDLE_IDENTIFIER = niuNaruto.testSwiftUITests;
				PRODUCT_NAME = "$(TARGET_NAME)";
				SWIFT_VERSION = 5.0;
				TARGETED_DEVICE_FAMILY = "1,2";
				TEST_TARGET_NAME = testSwift;
			};
			name = Release;
		};
/* End XCBuildConfiguration section */

/* Begin XCConfigurationList section */
		007B7C952418C8C000853837 /* Build configuration list for PBXProject "testSwift" */ = {
			isa = XCConfigurationList;
			buildConfigurations = (
				007B7CC22418C8C200853837 /* Debug */,
				007B7CC32418C8C200853837 /* Release */,
			);
			defaultConfigurationIsVisible = 0;
			defaultConfigurationName = Release;
		};
		007B7CC42418C8C200853837 /* Build configuration list for PBXNativeTarget "testSwift" */ = {
			isa = XCConfigurationList;
			buildConfigurations = (
				007B7CC52418C8C200853837 /* Debug */,
				007B7CC62418C8C200853837 /* Release */,
			);
			defaultConfigurationIsVisible = 0;
			defaultConfigurationName = Release;
		};
		007B7CC72418C8C200853837 /* Build configuration list for PBXNativeTarget "testSwiftTests" */ = {
			isa = XCConfigurationList;
			buildConfigurations = (
				007B7CC82418C8C200853837 /* Debug */,
				007B7CC92418C8C200853837 /* Release */,
			);
			defaultConfigurationIsVisible = 0;
			defaultConfigurationName = Release;
		};
		007B7CCA2418C8C200853837 /* Build configuration list for PBXNativeTarget "testSwiftUITests" */ = {
			isa = XCConfigurationList;
			buildConfigurations = (
				007B7CCB2418C8C200853837 /* Debug */,
				007B7CCC2418C8C200853837 /* Release */,
			);
			defaultConfigurationIsVisible = 0;
			defaultConfigurationName = Release;
		};
/* End XCConfigurationList section */
	};
	rootObject = 007B7C922418C8C000853837 /* Project object */;
}
